<?xml version="1.0" encoding="utf-8"?>
<Project ToolsVersion="4.0" xmlns="http://schemas.microsoft.com/developer/msbuild/2003">
  <ItemGroup>
    <Filter Include="Source Files">
      <UniqueIdentifier>{4FC737F1-C7A5-4376-A066-2A32D752A2FF}</UniqueIdentifier>
      <Extensions>cpp;c;cc;cxx;def;odl;idl;hpj;bat;asm;asmx</Extensions>
    </Filter>
    <Filter Include="Header Files">
      <UniqueIdentifier>{93995380-89BD-4b04-88EB-625FBE52EBFB}</UniqueIdentifier>
      <Extensions>h;hh;hpp;hxx;hm;inl;inc;xsd</Extensions>
    </Filter>
    <Filter Include="Resource Files">
      <UniqueIdentifier>{67DA6AB6-F800-4c08-8B7A-83BB121AAD01}</UniqueIdentifier>
      <Extensions>rc;ico;cur;bmp;dlg;rc2;rct;bin;rgs;gif;jpg;jpeg;jpe;resx;tiff;tif;png;wav;mfcribbon-ms</Extensions>
    </Filter>
  </ItemGroup>
  <ItemGroup>
    <Text Include="ReadMe.txt" />
  </ItemGroup>
  <ItemGroup>
    <ClInclude Include="targetver.h">
      <Filter>Header Files</Filter>
    </ClInclude>
    <ClInclude Include="..\include\CArray_.h">
      <Filter>Header Files</Filter>
    </ClInclude>
    <ClInclude Include="..\include\CFloat_.h">
      <Filter>Header Files</Filter>
    </ClInclude>
    <ClInclude Include="..\include\CMatrix_.h">
      <Filter>Header Files</Filter>
    </ClInclude>
    <ClInclude Include="..\include\Common_.h">
      <Filter>Header Files</Filter>
    </ClInclude>
    <ClInclude Include="..\include\CSimplex_2Phases_.h">
      <Filter>Header Files</Filter>
    </ClInclude>
    <ClInclude Include="..\include\CSimplex_Branch_Bounds_.h">
      <Filter>Header Files</Filter>
    </ClInclude>
    <ClInclude Include="..\include\CSimplex_Canonical_.h">
      <Filter>Header Files</Filter>
    </ClInclude>
    <ClInclude Include="..\include\csimplex_dual_.h">
      <Filter>Header Files</Filter>
    </ClInclude>
    <ClInclude Include="..\include\CSimplex_Integer_.h">
      <Filter>Header Files</Filter>
    </ClInclude>
    <ClInclude Include="..\include\CSimplex_Integer_2.h">
      <Filter>Header Files</Filter>
    </ClInclude>
    <ClInclude Include="..\include\CSimplex_Integer_OLD.h">
      <Filter>Header Files</Filter>
    </ClInclude>
    <ClInclude Include="..\include\CSRSimplex_.h">
      <Filter>Header Files</Filter>
    </ClInclude>
    <ClInclude Include="..\include\CVector_.h">
      <Filter>Header Files</Filter>
    </ClInclude>
    <ClInclude Include="..\include\MatrixVectorOperations.h">
      <Filter>Header Files</Filter>
    </ClInclude>
  </ItemGroup>
  <ItemGroup>
    <ClCompile Include="..\src\CArray_.cpp">
      <Filter>Source Files</Filter>
    </ClCompile>
    <ClCompile Include="..\src\CMatrix_.cpp">
      <Filter>Source Files</Filter>
    </ClCompile>
    <ClCompile Include="..\src\CVector_.cpp">
      <Filter>Source Files</Filter>
    </ClCompile>
    <ClCompile Include="..\src\CFloat_.cpp">
      <Filter>Source Files</Filter>
    </ClCompile>
    <ClCompile Include="..\src\MatrixVectorOperations.cpp">
      <Filter>Source Files</Filter>
    </ClCompile>
  </ItemGroup>
</Project>